
Microsoft Visual Studio Solution File, Format Version 12.00
# Visual Studio 15
VisualStudioVersion = 15.0.27428.2037
MinimumVisualStudioVersion = 10.0.40219.1
Project("{FAE04EC0-301F-11D3-BF4B-00C04F79EFBC}") = "turbodiodpol", "turbodiodpol\turbodiodpol.csproj", "{C217735E-6F34-409D-9093-63F8DB7A423F}"
EndProject
Global
	GlobalSection(SolutionConfigurationPlatforms) = preSolution
		Debug|Any CPU = Debug|Any CPU
		Release|Any CPU = Release|Any CPU
	EndGlobalSection
	GlobalSection(ProjectConfigurationPlatforms) = postSolution
		{C217735E-6F34-409D-9093-63F8DB7A423F}.Debug|Any CPU.ActiveCfg = Debug|Any CPU
		{C217735E-6F34-409D-9093-63F8DB7A423F}.Debug|Any CPU.Build.0 = Debug|Any CPU
		{C217735E-6F34-409D-9093-63F8DB7A423F}.Release|Any CPU.ActiveCfg = Release|Any CPU
		{C217735E-6F34-409D-9093-63F8DB7A423F}.Release|Any CPU.Build.0 = Release|Any CPU
	EndGlobalSection
	GlobalSection(SolutionProperties) = preSolution
		HideSolutionNode = FALSE
	EndGlobalSection
	GlobalSection(ExtensibilityGlobals) = postSolution
		SolutionGuid = {6A8FE90C-C1E3-4D69-997F-44DA6EA75E2D}
	EndGlobalSection
EndGlobal
